
Microsoft Visual Studio Solution File, Format Version 12.00
# Visual Studio Version 17
VisualStudioVersion = 17.9.34723.18
MinimumVisualStudioVersion = 10.0.40219.1
Project("{FAE04EC0-301F-11D3-BF4B-00C04F79EFBC}") = "Pronia", "Pronia\Pronia.csproj", "{7CC4A81B-5F76-46D9-8699-6455C2C01A50}"
EndProject
Global
	GlobalSection(SolutionConfigurationPlatforms) = preSolution
		Debug|Any CPU = Debug|Any CPU
		Release|Any CPU = Release|Any CPU
	EndGlobalSection
	GlobalSection(ProjectConfigurationPlatforms) = postSolution
		{7CC4A81B-5F76-46D9-8699-6455C2C01A50}.Debug|Any CPU.ActiveCfg = Debug|Any CPU
		{7CC4A81B-5F76-46D9-8699-6455C2C01A50}.Debug|Any CPU.Build.0 = Debug|Any CPU
		{7CC4A81B-5F76-46D9-8699-6455C2C01A50}.Release|Any CPU.ActiveCfg = Release|Any CPU
		{7CC4A81B-5F76-46D9-8699-6455C2C01A50}.Release|Any CPU.Build.0 = Release|Any CPU
	EndGlobalSection
	GlobalSection(SolutionProperties) = preSolution
		HideSolutionNode = FALSE
	EndGlobalSection
	GlobalSection(ExtensibilityGlobals) = postSolution
		SolutionGuid = {0568F2B6-9F58-4969-9C73-66C1F8866C9E}
	EndGlobalSection
EndGlobal
